{
  "name": "@yodata/arc-plugin-set-cf-value",
  "version": "0.0.3",
  "lockfileVersion": 1,
  "requires": true,
  "dependencies": {
    "@types/set-value": {
      "version": "2.0.0",
      "resolved": "https://registry.npmjs.org/@types/set-value/-/set-value-2.0.0.tgz",
      "integrity": "sha512-k8dCJEC80F/mbsIOZ5Hj3YSzTVVVBwMdtP/M9Rtc2TM4F5etVd+2UG8QUiAUfbXm4fABedL2tBZnrBheY7UwpA=="
    },
    "is-plain-object": {
      "version": "2.0.4",
      "resolved": "https://registry.npmjs.org/is-plain-object/-/is-plain-object-2.0.4.tgz",
      "integrity": "sha512-h5PpgXkWitc38BBMYawTYMWJHFZJVnBquFE57xFpjB8pJFiF6gZ+bU+WyI/yqXiFR5mdLsgYNaPe8uao6Uv9Og==",
      "requires": {
        "isobject": "^3.0.1"
      }
    },
    "isobject": {
      "version": "3.0.1",
      "resolved": "https://registry.npmjs.org/isobject/-/isobject-3.0.1.tgz",
      "integrity": "sha1-TkMekrEalzFjaqH5yNHMvP2reN8="
    },
    "set-value": {
      "version": "3.0.2",
      "resolved": "https://registry.npmjs.org/set-value/-/set-value-3.0.2.tgz",
      "integrity": "sha512-npjkVoz+ank0zjlV9F47Fdbjfj/PfXyVhZvGALWsyIYU/qrMzpi6avjKW3/7KeSU2Df3I46BrN1xOI1+6vW0hA==",
      "requires": {
        "is-plain-object": "^2.0.4"
      }
    }
  }
}
