{
  "name": "@yodata/transform-plugin-view",
  "version": "0.0.1",
  "lockfileVersion": 1,
  "requires": true,
  "dependencies": {
    "@types/jest": {
      "version": "23.3.13",
      "resolved": "https://registry.npmjs.org/@types/jest/-/jest-23.3.13.tgz",
      "integrity": "sha512-ePl4l+7dLLmCucIwgQHAgjiepY++qcI6nb8eAwGNkB6OxmTe3Z9rQU3rSpomqu42PCCnlThZbOoxsf+qylJsLA==",
      "dev": true
    },
    "@types/jsonata": {
      "version": "1.3.0",
      "resolved": "https://registry.npmjs.org/@types/jsonata/-/jsonata-1.3.0.tgz",
      "integrity": "sha512-ov7PbkoM1hsDVfoA1NU7ctd1xJsprnbnKMPYgrU5TaSkEow3FZ/VEmtgmlfLvHifcqVtv2Ly6TUiRBgRfcGeaw=="
    },
    "jsonata": {
      "version": "1.6.4",
      "resolved": "https://registry.npmjs.org/jsonata/-/jsonata-1.6.4.tgz",
      "integrity": "sha512-3MWTH77OHLf3muMknZJS4GnDhGPMITyF9D84hpRQrjt1Hk3pBtTiyZcqodHUDSaDq8VDy9YyIbanRI+3RoW3FA=="
    }
  }
}
