{
  "name": "@yodata/get-value",
  "version": "1.0.0-alpha.0",
  "lockfileVersion": 1,
  "requires": true,
  "dependencies": {
    "get-value": {
      "version": "3.0.1",
      "resolved": "https://registry.npmjs.org/get-value/-/get-value-3.0.1.tgz",
      "integrity": "sha512-mKZj9JLQrwMBtj5wxi6MH8Z5eSKaERpAwjg43dPtlGI1ZVEgH/qC7T8/6R2OBSUA+zzHBZgICsVJaEIV2tKTDA==",
      "requires": {
        "isobject": "^3.0.1"
      }
    },
    "isobject": {
      "version": "3.0.1",
      "resolved": "https://registry.npmjs.org/isobject/-/isobject-3.0.1.tgz",
      "integrity": "sha1-TkMekrEalzFjaqH5yNHMvP2reN8="
    },
    "just-curry-it": {
      "version": "3.1.0",
      "resolved": "https://registry.npmjs.org/just-curry-it/-/just-curry-it-3.1.0.tgz",
      "integrity": "sha512-mjzgSOFzlrurlURaHVjnQodyPNvrHrf1TbQP2XU9NSqBtHQPuHZ+Eb6TAJP7ASeJN9h9K0KXoRTs8u6ouHBKvg=="
    }
  }
}
