{
  "name": "@yodata/arc-plugin-set-cf-value",
  "version": "0.1.3",
  "lockfileVersion": 2,
  "requires": true,
  "packages": {
    "": {
      "name": "@yodata/arc-plugin-set-cf-value",
      "version": "0.1.2",
      "license": "MIT",
      "dependencies": {
        "@types/set-value": "^2.0.0",
        "set-value": "^4.1.0"
      }
    },
    "node_modules/@types/set-value": {
      "version": "2.0.0",
      "resolved": "https://registry.npmjs.org/@types/set-value/-/set-value-2.0.0.tgz",
      "integrity": "sha512-k8dCJEC80F/mbsIOZ5Hj3YSzTVVVBwMdtP/M9Rtc2TM4F5etVd+2UG8QUiAUfbXm4fABedL2tBZnrBheY7UwpA=="
    },
    "node_modules/is-plain-object": {
      "version": "2.0.4",
      "resolved": "https://registry.npmjs.org/is-plain-object/-/is-plain-object-2.0.4.tgz",
      "integrity": "sha512-h5PpgXkWitc38BBMYawTYMWJHFZJVnBquFE57xFpjB8pJFiF6gZ+bU+WyI/yqXiFR5mdLsgYNaPe8uao6Uv9Og==",
      "dependencies": {
        "isobject": "^3.0.1"
      },
      "engines": {
        "node": ">=0.10.0"
      }
    },
    "node_modules/is-primitive": {
      "version": "3.0.1",
      "resolved": "https://registry.npmjs.org/is-primitive/-/is-primitive-3.0.1.tgz",
      "integrity": "sha512-GljRxhWvlCNRfZyORiH77FwdFwGcMO620o37EOYC0ORWdq+WYNVqW0w2Juzew4M+L81l6/QS3t5gkkihyRqv9w==",
      "engines": {
        "node": ">=0.10.0"
      }
    },
    "node_modules/isobject": {
      "version": "3.0.1",
      "resolved": "https://registry.npmjs.org/isobject/-/isobject-3.0.1.tgz",
      "integrity": "sha1-TkMekrEalzFjaqH5yNHMvP2reN8=",
      "engines": {
        "node": ">=0.10.0"
      }
    },
    "node_modules/set-value": {
      "version": "4.1.0",
      "resolved": "https://registry.npmjs.org/set-value/-/set-value-4.1.0.tgz",
      "integrity": "sha512-zTEg4HL0RwVrqcWs3ztF+x1vkxfm0lP+MQQFPiMJTKVceBwEV0A569Ou8l9IYQG8jOZdMVI1hGsc0tmeD2o/Lw==",
      "funding": [
        "https://github.com/sponsors/jonschlinkert",
        "https://paypal.me/jonathanschlinkert",
        "https://jonschlinkert.dev/sponsor"
      ],
      "dependencies": {
        "is-plain-object": "^2.0.4",
        "is-primitive": "^3.0.1"
      },
      "engines": {
        "node": ">=11.0"
      }
    }
  },
  "dependencies": {
    "@types/set-value": {
      "version": "2.0.0",
      "resolved": "https://registry.npmjs.org/@types/set-value/-/set-value-2.0.0.tgz",
      "integrity": "sha512-k8dCJEC80F/mbsIOZ5Hj3YSzTVVVBwMdtP/M9Rtc2TM4F5etVd+2UG8QUiAUfbXm4fABedL2tBZnrBheY7UwpA=="
    },
    "is-plain-object": {
      "version": "2.0.4",
      "resolved": "https://registry.npmjs.org/is-plain-object/-/is-plain-object-2.0.4.tgz",
      "integrity": "sha512-h5PpgXkWitc38BBMYawTYMWJHFZJVnBquFE57xFpjB8pJFiF6gZ+bU+WyI/yqXiFR5mdLsgYNaPe8uao6Uv9Og==",
      "requires": {
        "isobject": "^3.0.1"
      }
    },
    "is-primitive": {
      "version": "3.0.1",
      "resolved": "https://registry.npmjs.org/is-primitive/-/is-primitive-3.0.1.tgz",
      "integrity": "sha512-GljRxhWvlCNRfZyORiH77FwdFwGcMO620o37EOYC0ORWdq+WYNVqW0w2Juzew4M+L81l6/QS3t5gkkihyRqv9w=="
    },
    "isobject": {
      "version": "3.0.1",
      "resolved": "https://registry.npmjs.org/isobject/-/isobject-3.0.1.tgz",
      "integrity": "sha1-TkMekrEalzFjaqH5yNHMvP2reN8="
    },
    "set-value": {
      "version": "4.1.0",
      "resolved": "https://registry.npmjs.org/set-value/-/set-value-4.1.0.tgz",
      "integrity": "sha512-zTEg4HL0RwVrqcWs3ztF+x1vkxfm0lP+MQQFPiMJTKVceBwEV0A569Ou8l9IYQG8jOZdMVI1hGsc0tmeD2o/Lw==",
      "requires": {
        "is-plain-object": "^2.0.4",
        "is-primitive": "^3.0.1"
      }
    }
  }
}
