{
	"name": "@yodata/event-router",
	"version": "0.2.3",
	"lockfileVersion": 1,
	"requires": true,
	"dependencies": {
		"bloomrun": {
			"version": "4.1.0",
			"resolved": "https://registry.npmjs.org/bloomrun/-/bloomrun-4.1.0.tgz",
			"integrity": "sha512-2LkNKCXl30aCU7aEkHBiZYzocMka2vmV13736G54exMBk6IHgdOq+Ln4kpCerfDxSciePncspthB3HMtfrpn6A==",
			"requires": {
				"sorted-array-functions": "^1.1.0"
			}
		},
		"lodash.isfunction": {
			"version": "3.0.9",
			"resolved": "https://registry.npmjs.org/lodash.isfunction/-/lodash.isfunction-3.0.9.tgz",
			"integrity": "sha512-AirXNj15uRIMMPihnkInB4i3NHeb4iBtNg9WRWuK2o31S+ePwwNmDPaTL3o7dTJ+VXNZim7rFs4rxN4YU1oUJw=="
		},
		"sorted-array-functions": {
			"version": "1.2.0",
			"resolved": "https://registry.npmjs.org/sorted-array-functions/-/sorted-array-functions-1.2.0.tgz",
			"integrity": "sha512-sWpjPhIZJtqO77GN+LD8dDsDKcWZ9GCOJNqKzi1tvtjGIzwfoyuRH8S0psunmc6Z5P+qfDqztSbwYR5X/e1UTg=="
		}
	}
}
