{
  "name": "@yodata/set-value",
  "version": "0.0.3",
  "lockfileVersion": 1,
  "requires": true,
  "dependencies": {
    "is-plain-object": {
      "version": "2.0.4",
      "resolved": "https://registry.npmjs.org/is-plain-object/-/is-plain-object-2.0.4.tgz",
      "integrity": "sha512-h5PpgXkWitc38BBMYawTYMWJHFZJVnBquFE57xFpjB8pJFiF6gZ+bU+WyI/yqXiFR5mdLsgYNaPe8uao6Uv9Og==",
      "requires": {
        "isobject": "^3.0.1"
      }
    },
    "isobject": {
      "version": "3.0.1",
      "resolved": "https://registry.npmjs.org/isobject/-/isobject-3.0.1.tgz",
      "integrity": "sha512-WhB9zCku7EGTj/HQQRz5aUQEUeoQZH2bWcltRErOpymJ4boYE6wL9Tbr23krRPSZ+C5zqNSrSw+Cc7sZZ4b7vg=="
    },
    "set-value": {
      "version": "4.0.1",
      "resolved": "https://registry.npmjs.org/set-value/-/set-value-4.0.1.tgz",
      "integrity": "sha512-ayATicCYPVnlNpFmjq2/VmVwhoCQA9+13j8qWp044fmFE3IFphosPtRM+0CJ5xoIx5Uy52fCcwg3XeH2pHbbPQ==",
      "requires": {
        "is-plain-object": "^2.0.4"
      }
    }
  }
}
